
Microsoft Visual Studio Solution File, Format Version 12.00
# Visual Studio Version 16
VisualStudioVersion = 16.0.30907.101
MinimumVisualStudioVersion = 10.0.40219.1
Project("{9A19103F-16F7-4668-BE54-9A1E7A4F7556}") = "KenneyAsteroids.Engine", "src\KenneyAsteroids.Engine\KenneyAsteroids.Engine.csproj", "{4B02DFA3-6643-4878-B9E5-F54996805333}"
EndProject
Project("{9A19103F-16F7-4668-BE54-9A1E7A4F7556}") = "KenneyAsteroids.Core", "src\KenneyAsteroids.Core\KenneyAsteroids.Core.csproj", "{C2BB655F-42C0-4119-80D5-2DCF7B63A046}"
EndProject
Project("{9A19103F-16F7-4668-BE54-9A1E7A4F7556}") = "KenneyAsteroids.Desktop", "src\KenneyAsteroids.Desktop\KenneyAsteroids.Desktop.csproj", "{217C6F0F-D2F6-4577-9E36-535E23AF60BE}"
EndProject
Project("{9A19103F-16F7-4668-BE54-9A1E7A4F7556}") = "KenneyAsteroids.PipelineExtension", "src\KenneyAsteroids.PipelineExtension\KenneyAsteroids.PipelineExtension.csproj", "{C0929254-D788-49FC-8E91-544948ACDC55}"
EndProject
Project("{9A19103F-16F7-4668-BE54-9A1E7A4F7556}") = "KenneyAsteroids.Engine.Benchmark", "src\KenneyAsteroids.Engine.Benchmark\KenneyAsteroids.Engine.Benchmark.csproj", "{AC74FD08-CE6E-478B-B76E-3221BCA31F30}"
EndProject
Project("{FAE04EC0-301F-11D3-BF4B-00C04F79EFBC}") = "KenneyAsteroids.Engine.MonoGame", "src\KenneyAsteroids.Engine.MonoGame\KenneyAsteroids.Engine.MonoGame.csproj", "{62993E35-0259-47AA-9A6F-369E0494C1F9}"
EndProject
Global
	GlobalSection(SolutionConfigurationPlatforms) = preSolution
		Debug|Any CPU = Debug|Any CPU
		Release|Any CPU = Release|Any CPU
	EndGlobalSection
	GlobalSection(ProjectConfigurationPlatforms) = postSolution
		{4B02DFA3-6643-4878-B9E5-F54996805333}.Debug|Any CPU.ActiveCfg = Debug|Any CPU
		{4B02DFA3-6643-4878-B9E5-F54996805333}.Debug|Any CPU.Build.0 = Debug|Any CPU
		{4B02DFA3-6643-4878-B9E5-F54996805333}.Release|Any CPU.ActiveCfg = Release|Any CPU
		{4B02DFA3-6643-4878-B9E5-F54996805333}.Release|Any CPU.Build.0 = Release|Any CPU
		{C2BB655F-42C0-4119-80D5-2DCF7B63A046}.Debug|Any CPU.ActiveCfg = Debug|Any CPU
		{C2BB655F-42C0-4119-80D5-2DCF7B63A046}.Debug|Any CPU.Build.0 = Debug|Any CPU
		{C2BB655F-42C0-4119-80D5-2DCF7B63A046}.Release|Any CPU.ActiveCfg = Release|Any CPU
		{C2BB655F-42C0-4119-80D5-2DCF7B63A046}.Release|Any CPU.Build.0 = Release|Any CPU
		{217C6F0F-D2F6-4577-9E36-535E23AF60BE}.Debug|Any CPU.ActiveCfg = Debug|Any CPU
		{217C6F0F-D2F6-4577-9E36-535E23AF60BE}.Debug|Any CPU.Build.0 = Debug|Any CPU
		{217C6F0F-D2F6-4577-9E36-535E23AF60BE}.Release|Any CPU.ActiveCfg = Release|Any CPU
		{217C6F0F-D2F6-4577-9E36-535E23AF60BE}.Release|Any CPU.Build.0 = Release|Any CPU
		{C0929254-D788-49FC-8E91-544948ACDC55}.Debug|Any CPU.ActiveCfg = Debug|Any CPU
		{C0929254-D788-49FC-8E91-544948ACDC55}.Debug|Any CPU.Build.0 = Debug|Any CPU
		{C0929254-D788-49FC-8E91-544948ACDC55}.Release|Any CPU.ActiveCfg = Release|Any CPU
		{C0929254-D788-49FC-8E91-544948ACDC55}.Release|Any CPU.Build.0 = Release|Any CPU
		{AC74FD08-CE6E-478B-B76E-3221BCA31F30}.Debug|Any CPU.ActiveCfg = Debug|Any CPU
		{AC74FD08-CE6E-478B-B76E-3221BCA31F30}.Debug|Any CPU.Build.0 = Debug|Any CPU
		{AC74FD08-CE6E-478B-B76E-3221BCA31F30}.Release|Any CPU.ActiveCfg = Release|Any CPU
		{AC74FD08-CE6E-478B-B76E-3221BCA31F30}.Release|Any CPU.Build.0 = Release|Any CPU
		{62993E35-0259-47AA-9A6F-369E0494C1F9}.Debug|Any CPU.ActiveCfg = Debug|Any CPU
		{62993E35-0259-47AA-9A6F-369E0494C1F9}.Debug|Any CPU.Build.0 = Debug|Any CPU
		{62993E35-0259-47AA-9A6F-369E0494C1F9}.Release|Any CPU.ActiveCfg = Release|Any CPU
		{62993E35-0259-47AA-9A6F-369E0494C1F9}.Release|Any CPU.Build.0 = Release|Any CPU
	EndGlobalSection
	GlobalSection(SolutionProperties) = preSolution
		HideSolutionNode = FALSE
	EndGlobalSection
	GlobalSection(ExtensibilityGlobals) = postSolution
		SolutionGuid = {C1BEFC27-4155-4139-8635-DB8CF9DFBE8F}
	EndGlobalSection
EndGlobal
