
Microsoft Visual Studio Solution File, Format Version 12.00
# Visual Studio Version 16
VisualStudioVersion = 16.0.30717.126
MinimumVisualStudioVersion = 10.0.40219.1
Project("{FAE04EC0-301F-11D3-BF4B-00C04F79EFBC}") = "RectangleCollision.Desktop", "rectangle-collision-sample\RectangleCollision.Desktop\RectangleCollision.Desktop.csproj", "{E8D2C279-44EB-4D1D-B764-BFBF7158169A}"
EndProject
Project("{FAE04EC0-301F-11D3-BF4B-00C04F79EFBC}") = "PerPixelCollision.Desktop", "per-pixel-collision-sample\PerPixelCollision.Desktop\PerPixelCollision.Desktop.csproj", "{75295B8C-13FC-4E6E-AEA2-6E03A8EF14BF}"
EndProject
Project("{FAE04EC0-301F-11D3-BF4B-00C04F79EFBC}") = "TransformedCollision.Desktop", "transformed-collision-sample\TransformedCollision.Desktop\TransformedCollision.Desktop.csproj", "{5101AA04-A90D-42DA-BF14-10116994FE7B}"
EndProject
Project("{FAE04EC0-301F-11D3-BF4B-00C04F79EFBC}") = "TransformedCollisionTest.Desktop", "transformed-collision-sample\TransformedCollisionTest.Desktop\TransformedCollisionTest.Desktop.csproj", "{42101E60-CC9F-494A-806B-3AC3DB5B3FCA}"
EndProject
Global
	GlobalSection(SolutionConfigurationPlatforms) = preSolution
		Debug|Any CPU = Debug|Any CPU
		Release|Any CPU = Release|Any CPU
	EndGlobalSection
	GlobalSection(ProjectConfigurationPlatforms) = postSolution
		{E8D2C279-44EB-4D1D-B764-BFBF7158169A}.Debug|Any CPU.ActiveCfg = Debug|Any CPU
		{E8D2C279-44EB-4D1D-B764-BFBF7158169A}.Debug|Any CPU.Build.0 = Debug|Any CPU
		{E8D2C279-44EB-4D1D-B764-BFBF7158169A}.Release|Any CPU.ActiveCfg = Release|Any CPU
		{E8D2C279-44EB-4D1D-B764-BFBF7158169A}.Release|Any CPU.Build.0 = Release|Any CPU
		{75295B8C-13FC-4E6E-AEA2-6E03A8EF14BF}.Debug|Any CPU.ActiveCfg = Debug|Any CPU
		{75295B8C-13FC-4E6E-AEA2-6E03A8EF14BF}.Debug|Any CPU.Build.0 = Debug|Any CPU
		{75295B8C-13FC-4E6E-AEA2-6E03A8EF14BF}.Release|Any CPU.ActiveCfg = Release|Any CPU
		{75295B8C-13FC-4E6E-AEA2-6E03A8EF14BF}.Release|Any CPU.Build.0 = Release|Any CPU
		{5101AA04-A90D-42DA-BF14-10116994FE7B}.Debug|Any CPU.ActiveCfg = Debug|Any CPU
		{5101AA04-A90D-42DA-BF14-10116994FE7B}.Debug|Any CPU.Build.0 = Debug|Any CPU
		{5101AA04-A90D-42DA-BF14-10116994FE7B}.Release|Any CPU.ActiveCfg = Release|Any CPU
		{5101AA04-A90D-42DA-BF14-10116994FE7B}.Release|Any CPU.Build.0 = Release|Any CPU
		{42101E60-CC9F-494A-806B-3AC3DB5B3FCA}.Debug|Any CPU.ActiveCfg = Debug|Any CPU
		{42101E60-CC9F-494A-806B-3AC3DB5B3FCA}.Debug|Any CPU.Build.0 = Debug|Any CPU
		{42101E60-CC9F-494A-806B-3AC3DB5B3FCA}.Release|Any CPU.ActiveCfg = Release|Any CPU
		{42101E60-CC9F-494A-806B-3AC3DB5B3FCA}.Release|Any CPU.Build.0 = Release|Any CPU
	EndGlobalSection
	GlobalSection(SolutionProperties) = preSolution
		HideSolutionNode = FALSE
	EndGlobalSection
	GlobalSection(ExtensibilityGlobals) = postSolution
		SolutionGuid = {56CC8CAF-6A3C-41D6-B9E7-7440733F5354}
	EndGlobalSection
EndGlobal
