
Microsoft Visual Studio Solution File, Format Version 12.00
# Visual Studio Version 16
VisualStudioVersion = 16.0.30717.126
MinimumVisualStudioVersion = 10.0.40219.1
Project("{FAE04EC0-301F-11D3-BF4B-00C04F79EFBC}") = "Riemers2DShooter.Desktop", "src\Riemers2DShooter.Desktop\Riemers2DShooter.Desktop.csproj", "{AAF23783-B15E-4F06-9870-6022CEEAB032}"
EndProject
Global
	GlobalSection(SolutionConfigurationPlatforms) = preSolution
		Debug|Any CPU = Debug|Any CPU
		Release|Any CPU = Release|Any CPU
	EndGlobalSection
	GlobalSection(ProjectConfigurationPlatforms) = postSolution
		{AAF23783-B15E-4F06-9870-6022CEEAB032}.Debug|Any CPU.ActiveCfg = Debug|Any CPU
		{AAF23783-B15E-4F06-9870-6022CEEAB032}.Debug|Any CPU.Build.0 = Debug|Any CPU
		{AAF23783-B15E-4F06-9870-6022CEEAB032}.Release|Any CPU.ActiveCfg = Release|Any CPU
		{AAF23783-B15E-4F06-9870-6022CEEAB032}.Release|Any CPU.Build.0 = Release|Any CPU
	EndGlobalSection
	GlobalSection(SolutionProperties) = preSolution
		HideSolutionNode = FALSE
	EndGlobalSection
	GlobalSection(ExtensibilityGlobals) = postSolution
		SolutionGuid = {F08AAFD9-F680-44D6-A5DF-F2C094159E68}
	EndGlobalSection
EndGlobal
